github.com/golang-collections/collections v0.0.0-20130729185459-604e922904d3 h1:zN2lZNZRflqFyxVaTIU61KNKQ9C0055u9CAfpmqUvo4=
github.com/golang-collections/collections v0.0.0-20130729185459-604e922904d3/go.mod h1:nPpo7qLxd6XL3hWJG/O60sR8ZKfMCiIoNap5GvD12KU=
github.com/jupp0r/go-priority-queue v0.0.0-20160601094913-ab1073853bde h1:+5PMaaQtDUwOcJIUlmX89P0J3iwTvErTmyn5WghzXAQ=
github.com/jupp0r/go-priority-queue v0.0.0-20160601094913-ab1073853bde/go.mod h1:RDgD/dfPmIwFH0qdUOjw71HjtWg56CtyLIoHL+R1wJw=
gopkg.in/karalabe/cookiejar.v1 v1.0.0-20141109175019-e1490cae028c h1:4GYkPhjcYLPrPAnoxHVQlH/xcXtWN8pEgqBnHrPAs8c=
gopkg.in/karalabe/cookiejar.v1 v1.0.0-20141109175019-e1490cae028c/go.mod h1:xd7qpr5uPMNy4hsRJ5JEBXA8tJjTFmUI1soCjlCIgAE=
