github.com/galeone/tfgo v0.0.0-20191209163057-06635831fc69 h1:VznMxRGavD/q3DNu0UwWm7q3S9CKfAEMtoS89QagATQ=
github.com/galeone/tfgo v0.0.0-20191209163057-06635831fc69/go.mod h1:e7AMH10Hm6vb4d5INAzg0MhHfTZK0Kyfwm3DvDqBWBs=
github.com/tensorflow/tensorflow v2.1.0+incompatible h1:piL4AzfPuv67+gbsKo2IhIecCe4ILpN0294O8ZrxneI=
github.com/tensorflow/tensorflow v2.1.0+incompatible/go.mod h1:itOSERT4trABok4UOoG+X4BoKds9F3rIsySdn+Lvu90=
