golang.org/x/exp v0.0.0-20190125153040-c74c464bbbf2/go.mod h1:CJ0aWSM057203Lf6IL+f9T1iT9GByDxfZKAQTCR3kQA=
golang.org/x/tools v0.0.0-20190206041539-40960b6deb8e/go.mod h1:n7NCudcB/nEzxVGmLbDWY5pfWTLqBcC2KZ6jyYvM4mQ=
gonum.org/v1/gonum v0.0.0-20190608115022-c5f01565d866 h1:FqYrBXUEWecz6YveEJaEVE2Hz7IZuKxUbyXGn//xmEs=
gonum.org/v1/gonum v0.0.0-20190608115022-c5f01565d866/go.mod h1:zXcK6UmEkbNk22MqyPrZPx3T6fsE/O56XzkDfeYUF+Y=
gonum.org/v1/netlib v0.0.0-20190313105609-8cb42192e0e0/go.mod h1:wa6Ws7BG/ESfp6dHfk7C6KdzKA7wR7u/rKwOGE66zvw=
